
Microsoft Visual Studio Solution File, Format Version 12.00
# Visual Studio Version 17
VisualStudioVersion = 17.0.31903.59
MinimumVisualStudioVersion = 10.0.40219.1
Project("{2150E333-8FDC-42A3-9474-1A3956D46DE8}") = "src", "src", "{827E0CD3-B72D-47B6-A68D-7590B98EB39B}"
EndProject
Project("{FAE04EC0-301F-11D3-BF4B-00C04F79EFBC}") = "Barbearia.Domain", "src\Barbearia.Domain\Barbearia.Domain.csproj", "{AA476C96-C09D-4CB2-BF90-1A0A6C70CF5A}"
EndProject
Project("{FAE04EC0-301F-11D3-BF4B-00C04F79EFBC}") = "Barbearia.Application", "src\Barbearia.Application\Barbearia.Application.csproj", "{36E0C21E-F342-4F20-9D8F-F8793FB5CA0C}"
EndProject
Project("{FAE04EC0-301F-11D3-BF4B-00C04F79EFBC}") = "Barbearia.Infrastructure", "src\Barbearia.Infrastructure\Barbearia.Infrastructure.csproj", "{0D02E0E4-C201-467F-B66E-585A23A18EA0}"
EndProject
Project("{FAE04EC0-301F-11D3-BF4B-00C04F79EFBC}") = "Barbearia.Api", "src\Barbearia.Api\Barbearia.Api.csproj", "{D7D67C8A-31E9-4105-99C8-01B9B1545DCB}"
EndProject
Global
	GlobalSection(SolutionConfigurationPlatforms) = preSolution
		Debug|Any CPU = Debug|Any CPU
		Debug|x64 = Debug|x64
		Debug|x86 = Debug|x86
		Release|Any CPU = Release|Any CPU
		Release|x64 = Release|x64
		Release|x86 = Release|x86
	EndGlobalSection
	GlobalSection(ProjectConfigurationPlatforms) = postSolution
		{AA476C96-C09D-4CB2-BF90-1A0A6C70CF5A}.Debug|Any CPU.ActiveCfg = Debug|Any CPU
		{AA476C96-C09D-4CB2-BF90-1A0A6C70CF5A}.Debug|Any CPU.Build.0 = Debug|Any CPU
		{AA476C96-C09D-4CB2-BF90-1A0A6C70CF5A}.Debug|x64.ActiveCfg = Debug|Any CPU
		{AA476C96-C09D-4CB2-BF90-1A0A6C70CF5A}.Debug|x64.Build.0 = Debug|Any CPU
		{AA476C96-C09D-4CB2-BF90-1A0A6C70CF5A}.Debug|x86.ActiveCfg = Debug|Any CPU
		{AA476C96-C09D-4CB2-BF90-1A0A6C70CF5A}.Debug|x86.Build.0 = Debug|Any CPU
		{AA476C96-C09D-4CB2-BF90-1A0A6C70CF5A}.Release|Any CPU.ActiveCfg = Release|Any CPU
		{AA476C96-C09D-4CB2-BF90-1A0A6C70CF5A}.Release|Any CPU.Build.0 = Release|Any CPU
		{AA476C96-C09D-4CB2-BF90-1A0A6C70CF5A}.Release|x64.ActiveCfg = Release|Any CPU
		{AA476C96-C09D-4CB2-BF90-1A0A6C70CF5A}.Release|x64.Build.0 = Release|Any CPU
		{AA476C96-C09D-4CB2-BF90-1A0A6C70CF5A}.Release|x86.ActiveCfg = Release|Any CPU
		{AA476C96-C09D-4CB2-BF90-1A0A6C70CF5A}.Release|x86.Build.0 = Release|Any CPU
		{36E0C21E-F342-4F20-9D8F-F8793FB5CA0C}.Debug|Any CPU.ActiveCfg = Debug|Any CPU
		{36E0C21E-F342-4F20-9D8F-F8793FB5CA0C}.Debug|Any CPU.Build.0 = Debug|Any CPU
		{36E0C21E-F342-4F20-9D8F-F8793FB5CA0C}.Debug|x64.ActiveCfg = Debug|Any CPU
		{36E0C21E-F342-4F20-9D8F-F8793FB5CA0C}.Debug|x64.Build.0 = Debug|Any CPU
		{36E0C21E-F342-4F20-9D8F-F8793FB5CA0C}.Debug|x86.ActiveCfg = Debug|Any CPU
		{36E0C21E-F342-4F20-9D8F-F8793FB5CA0C}.Debug|x86.Build.0 = Debug|Any CPU
		{36E0C21E-F342-4F20-9D8F-F8793FB5CA0C}.Release|Any CPU.ActiveCfg = Release|Any CPU
		{36E0C21E-F342-4F20-9D8F-F8793FB5CA0C}.Release|Any CPU.Build.0 = Release|Any CPU
		{36E0C21E-F342-4F20-9D8F-F8793FB5CA0C}.Release|x64.ActiveCfg = Release|Any CPU
		{36E0C21E-F342-4F20-9D8F-F8793FB5CA0C}.Release|x64.Build.0 = Release|Any CPU
		{36E0C21E-F342-4F20-9D8F-F8793FB5CA0C}.Release|x86.ActiveCfg = Release|Any CPU
		{36E0C21E-F342-4F20-9D8F-F8793FB5CA0C}.Release|x86.Build.0 = Release|Any CPU
		{0D02E0E4-C201-467F-B66E-585A23A18EA0}.Debug|Any CPU.ActiveCfg = Debug|Any CPU
		{0D02E0E4-C201-467F-B66E-585A23A18EA0}.Debug|Any CPU.Build.0 = Debug|Any CPU
		{0D02E0E4-C201-467F-B66E-585A23A18EA0}.Debug|x64.ActiveCfg = Debug|Any CPU
		{0D02E0E4-C201-467F-B66E-585A23A18EA0}.Debug|x64.Build.0 = Debug|Any CPU
		{0D02E0E4-C201-467F-B66E-585A23A18EA0}.Debug|x86.ActiveCfg = Debug|Any CPU
		{0D02E0E4-C201-467F-B66E-585A23A18EA0}.Debug|x86.Build.0 = Debug|Any CPU
		{0D02E0E4-C201-467F-B66E-585A23A18EA0}.Release|Any CPU.ActiveCfg = Release|Any CPU
		{0D02E0E4-C201-467F-B66E-585A23A18EA0}.Release|Any CPU.Build.0 = Release|Any CPU
		{0D02E0E4-C201-467F-B66E-585A23A18EA0}.Release|x64.ActiveCfg = Release|Any CPU
		{0D02E0E4-C201-467F-B66E-585A23A18EA0}.Release|x64.Build.0 = Release|Any CPU
		{0D02E0E4-C201-467F-B66E-585A23A18EA0}.Release|x86.ActiveCfg = Release|Any CPU
		{0D02E0E4-C201-467F-B66E-585A23A18EA0}.Release|x86.Build.0 = Release|Any CPU
		{D7D67C8A-31E9-4105-99C8-01B9B1545DCB}.Debug|Any CPU.ActiveCfg = Debug|Any CPU
		{D7D67C8A-31E9-4105-99C8-01B9B1545DCB}.Debug|Any CPU.Build.0 = Debug|Any CPU
		{D7D67C8A-31E9-4105-99C8-01B9B1545DCB}.Debug|x64.ActiveCfg = Debug|Any CPU
		{D7D67C8A-31E9-4105-99C8-01B9B1545DCB}.Debug|x64.Build.0 = Debug|Any CPU
		{D7D67C8A-31E9-4105-99C8-01B9B1545DCB}.Debug|x86.ActiveCfg = Debug|Any CPU
		{D7D67C8A-31E9-4105-99C8-01B9B1545DCB}.Debug|x86.Build.0 = Debug|Any CPU
		{D7D67C8A-31E9-4105-99C8-01B9B1545DCB}.Release|Any CPU.ActiveCfg = Release|Any CPU
		{D7D67C8A-31E9-4105-99C8-01B9B1545DCB}.Release|Any CPU.Build.0 = Release|Any CPU
		{D7D67C8A-31E9-4105-99C8-01B9B1545DCB}.Release|x64.ActiveCfg = Release|Any CPU
		{D7D67C8A-31E9-4105-99C8-01B9B1545DCB}.Release|x64.Build.0 = Release|Any CPU
		{D7D67C8A-31E9-4105-99C8-01B9B1545DCB}.Release|x86.ActiveCfg = Release|Any CPU
		{D7D67C8A-31E9-4105-99C8-01B9B1545DCB}.Release|x86.Build.0 = Release|Any CPU
	EndGlobalSection
	GlobalSection(SolutionProperties) = preSolution
		HideSolutionNode = FALSE
	EndGlobalSection
	GlobalSection(NestedProjects) = preSolution
		{AA476C96-C09D-4CB2-BF90-1A0A6C70CF5A} = {827E0CD3-B72D-47B6-A68D-7590B98EB39B}
		{36E0C21E-F342-4F20-9D8F-F8793FB5CA0C} = {827E0CD3-B72D-47B6-A68D-7590B98EB39B}
		{0D02E0E4-C201-467F-B66E-585A23A18EA0} = {827E0CD3-B72D-47B6-A68D-7590B98EB39B}
		{D7D67C8A-31E9-4105-99C8-01B9B1545DCB} = {827E0CD3-B72D-47B6-A68D-7590B98EB39B}
	EndGlobalSection
EndGlobal
