
Microsoft Visual Studio Solution File, Format Version 12.00
# Visual Studio Version 17
VisualStudioVersion = 17.0.31903.59
MinimumVisualStudioVersion = 10.0.40219.1
Project("{2150E333-8FDC-42A3-9474-1A3956D46DE8}") = "src", "src", "{827E0CD3-B72D-47B6-A68D-7590B98EB39B}"
EndProject
<<<<<<< HEAD
Project("{FAE04EC0-301F-11D3-BF4B-00C04F79EFBC}") = "Barbearia.Domain", "src\Barbearia.Domain\Barbearia.Domain.csproj", "{47DE7ACA-C3E6-465F-B2FB-A2198688680D}"
EndProject
Project("{FAE04EC0-301F-11D3-BF4B-00C04F79EFBC}") = "Barbearia.Application", "src\Barbearia.Application\Barbearia.Application.csproj", "{13B0ABE4-D06E-4798-8022-5EC495589510}"
EndProject
Project("{FAE04EC0-301F-11D3-BF4B-00C04F79EFBC}") = "Barbearia.Infrastructure", "src\Barbearia.Infrastructure\Barbearia.Infrastructure.csproj", "{BFE41E7C-27F2-4EDA-9A09-AD2B381F9241}"
EndProject
Project("{FAE04EC0-301F-11D3-BF4B-00C04F79EFBC}") = "Barbearia.Api", "src\Barbearia.Api\Barbearia.Api.csproj", "{04053A6B-E7A7-4EE6-9F61-944C0708FFE4}"
EndProject
Project("{2150E333-8FDC-42A3-9474-1A3956D46DE8}") = "tests", "tests", "{0AB3BF05-4346-4AA6-1389-037BE0695223}"
EndProject
Project("{FAE04EC0-301F-11D3-BF4B-00C04F79EFBC}") = "Barbearia.Api.Tests", "tests\Barbearia.Api.Tests\Barbearia.Api.Tests.csproj", "{B30C2BBE-16FB-43A1-99FD-01BC6A319666}"
=======
Project("{FAE04EC0-301F-11D3-BF4B-00C04F79EFBC}") = "Barbearia.Domain", "src\Barbearia.Domain\Barbearia.Domain.csproj", "{EAFFFCE6-BF74-4494-9D57-8D31D5AE8944}"
EndProject
Project("{FAE04EC0-301F-11D3-BF4B-00C04F79EFBC}") = "Barbearia.Application", "src\Barbearia.Application\Barbearia.Application.csproj", "{705ABCF7-8ED8-4886-B1DE-516036A6ED68}"
EndProject
Project("{FAE04EC0-301F-11D3-BF4B-00C04F79EFBC}") = "Barbearia.Infrastructure", "src\Barbearia.Infrastructure\Barbearia.Infrastructure.csproj", "{A5EEC1E9-9828-4196-8547-72B44D9A809B}"
EndProject
Project("{FAE04EC0-301F-11D3-BF4B-00C04F79EFBC}") = "Barbearia.Shared", "src\Barbearia.Shared\Barbearia.Shared.csproj", "{84893EF9-F624-4BB1-9C38-3D6C6AF3400E}"
EndProject
Project("{FAE04EC0-301F-11D3-BF4B-00C04F79EFBC}") = "Barbearia.Api", "src\Barbearia.Api\Barbearia.Api.csproj", "{9001BEC5-B2C9-40FC-8DCE-B9DC1E7458FB}"
EndProject
Project("{FAE04EC0-301F-11D3-BF4B-00C04F79EFBC}") = "Barbearia.Domain.Tests", "tests\Barbearia.Domain.Tests\Barbearia.Domain.Tests.csproj", "{8F798E84-71AC-46CF-94E4-7F2E82DDCD62}"
EndProject
Project("{FAE04EC0-301F-11D3-BF4B-00C04F79EFBC}") = "Barbearia.Application.Tests", "tests\Barbearia.Application.Tests\Barbearia.Application.Tests.csproj", "{B0617138-6DD6-4063-A3D9-19DD00474DFA}"
EndProject
Project("{FAE04EC0-301F-11D3-BF4B-00C04F79EFBC}") = "Barbearia.Infrastructure.Tests", "tests\Barbearia.Infrastructure.Tests\Barbearia.Infrastructure.Tests.csproj", "{8FE47800-2D2C-40B8-8AE0-B70DB6896F64}"
EndProject
Project("{FAE04EC0-301F-11D3-BF4B-00C04F79EFBC}") = "Barbearia.Api.Tests", "tests\Barbearia.Api.Tests\Barbearia.Api.Tests.csproj", "{F14C122F-A416-4E6F-8377-954BB03C3A20}"
>>>>>>> 2e21ea162011e45977563e194d64e4e0679d8483
EndProject
Global
	GlobalSection(SolutionConfigurationPlatforms) = preSolution
		Debug|Any CPU = Debug|Any CPU
		Debug|x64 = Debug|x64
		Debug|x86 = Debug|x86
		Release|Any CPU = Release|Any CPU
		Release|x64 = Release|x64
		Release|x86 = Release|x86
	EndGlobalSection
	GlobalSection(ProjectConfigurationPlatforms) = postSolution
<<<<<<< HEAD
		{47DE7ACA-C3E6-465F-B2FB-A2198688680D}.Debug|Any CPU.ActiveCfg = Debug|Any CPU
		{47DE7ACA-C3E6-465F-B2FB-A2198688680D}.Debug|Any CPU.Build.0 = Debug|Any CPU
		{47DE7ACA-C3E6-465F-B2FB-A2198688680D}.Debug|x64.ActiveCfg = Debug|Any CPU
		{47DE7ACA-C3E6-465F-B2FB-A2198688680D}.Debug|x64.Build.0 = Debug|Any CPU
		{47DE7ACA-C3E6-465F-B2FB-A2198688680D}.Debug|x86.ActiveCfg = Debug|Any CPU
		{47DE7ACA-C3E6-465F-B2FB-A2198688680D}.Debug|x86.Build.0 = Debug|Any CPU
		{47DE7ACA-C3E6-465F-B2FB-A2198688680D}.Release|Any CPU.ActiveCfg = Release|Any CPU
		{47DE7ACA-C3E6-465F-B2FB-A2198688680D}.Release|Any CPU.Build.0 = Release|Any CPU
		{47DE7ACA-C3E6-465F-B2FB-A2198688680D}.Release|x64.ActiveCfg = Release|Any CPU
		{47DE7ACA-C3E6-465F-B2FB-A2198688680D}.Release|x64.Build.0 = Release|Any CPU
		{47DE7ACA-C3E6-465F-B2FB-A2198688680D}.Release|x86.ActiveCfg = Release|Any CPU
		{47DE7ACA-C3E6-465F-B2FB-A2198688680D}.Release|x86.Build.0 = Release|Any CPU
		{13B0ABE4-D06E-4798-8022-5EC495589510}.Debug|Any CPU.ActiveCfg = Debug|Any CPU
		{13B0ABE4-D06E-4798-8022-5EC495589510}.Debug|Any CPU.Build.0 = Debug|Any CPU
		{13B0ABE4-D06E-4798-8022-5EC495589510}.Debug|x64.ActiveCfg = Debug|Any CPU
		{13B0ABE4-D06E-4798-8022-5EC495589510}.Debug|x64.Build.0 = Debug|Any CPU
		{13B0ABE4-D06E-4798-8022-5EC495589510}.Debug|x86.ActiveCfg = Debug|Any CPU
		{13B0ABE4-D06E-4798-8022-5EC495589510}.Debug|x86.Build.0 = Debug|Any CPU
		{13B0ABE4-D06E-4798-8022-5EC495589510}.Release|Any CPU.ActiveCfg = Release|Any CPU
		{13B0ABE4-D06E-4798-8022-5EC495589510}.Release|Any CPU.Build.0 = Release|Any CPU
		{13B0ABE4-D06E-4798-8022-5EC495589510}.Release|x64.ActiveCfg = Release|Any CPU
		{13B0ABE4-D06E-4798-8022-5EC495589510}.Release|x64.Build.0 = Release|Any CPU
		{13B0ABE4-D06E-4798-8022-5EC495589510}.Release|x86.ActiveCfg = Release|Any CPU
		{13B0ABE4-D06E-4798-8022-5EC495589510}.Release|x86.Build.0 = Release|Any CPU
		{BFE41E7C-27F2-4EDA-9A09-AD2B381F9241}.Debug|Any CPU.ActiveCfg = Debug|Any CPU
		{BFE41E7C-27F2-4EDA-9A09-AD2B381F9241}.Debug|Any CPU.Build.0 = Debug|Any CPU
		{BFE41E7C-27F2-4EDA-9A09-AD2B381F9241}.Debug|x64.ActiveCfg = Debug|Any CPU
		{BFE41E7C-27F2-4EDA-9A09-AD2B381F9241}.Debug|x64.Build.0 = Debug|Any CPU
		{BFE41E7C-27F2-4EDA-9A09-AD2B381F9241}.Debug|x86.ActiveCfg = Debug|Any CPU
		{BFE41E7C-27F2-4EDA-9A09-AD2B381F9241}.Debug|x86.Build.0 = Debug|Any CPU
		{BFE41E7C-27F2-4EDA-9A09-AD2B381F9241}.Release|Any CPU.ActiveCfg = Release|Any CPU
		{BFE41E7C-27F2-4EDA-9A09-AD2B381F9241}.Release|Any CPU.Build.0 = Release|Any CPU
		{BFE41E7C-27F2-4EDA-9A09-AD2B381F9241}.Release|x64.ActiveCfg = Release|Any CPU
		{BFE41E7C-27F2-4EDA-9A09-AD2B381F9241}.Release|x64.Build.0 = Release|Any CPU
		{BFE41E7C-27F2-4EDA-9A09-AD2B381F9241}.Release|x86.ActiveCfg = Release|Any CPU
		{BFE41E7C-27F2-4EDA-9A09-AD2B381F9241}.Release|x86.Build.0 = Release|Any CPU
		{04053A6B-E7A7-4EE6-9F61-944C0708FFE4}.Debug|Any CPU.ActiveCfg = Debug|Any CPU
		{04053A6B-E7A7-4EE6-9F61-944C0708FFE4}.Debug|Any CPU.Build.0 = Debug|Any CPU
		{04053A6B-E7A7-4EE6-9F61-944C0708FFE4}.Debug|x64.ActiveCfg = Debug|Any CPU
		{04053A6B-E7A7-4EE6-9F61-944C0708FFE4}.Debug|x64.Build.0 = Debug|Any CPU
		{04053A6B-E7A7-4EE6-9F61-944C0708FFE4}.Debug|x86.ActiveCfg = Debug|Any CPU
		{04053A6B-E7A7-4EE6-9F61-944C0708FFE4}.Debug|x86.Build.0 = Debug|Any CPU
		{04053A6B-E7A7-4EE6-9F61-944C0708FFE4}.Release|Any CPU.ActiveCfg = Release|Any CPU
		{04053A6B-E7A7-4EE6-9F61-944C0708FFE4}.Release|Any CPU.Build.0 = Release|Any CPU
		{04053A6B-E7A7-4EE6-9F61-944C0708FFE4}.Release|x64.ActiveCfg = Release|Any CPU
		{04053A6B-E7A7-4EE6-9F61-944C0708FFE4}.Release|x64.Build.0 = Release|Any CPU
		{04053A6B-E7A7-4EE6-9F61-944C0708FFE4}.Release|x86.ActiveCfg = Release|Any CPU
		{04053A6B-E7A7-4EE6-9F61-944C0708FFE4}.Release|x86.Build.0 = Release|Any CPU
		{B30C2BBE-16FB-43A1-99FD-01BC6A319666}.Debug|Any CPU.ActiveCfg = Debug|Any CPU
		{B30C2BBE-16FB-43A1-99FD-01BC6A319666}.Debug|Any CPU.Build.0 = Debug|Any CPU
		{B30C2BBE-16FB-43A1-99FD-01BC6A319666}.Debug|x64.ActiveCfg = Debug|Any CPU
		{B30C2BBE-16FB-43A1-99FD-01BC6A319666}.Debug|x64.Build.0 = Debug|Any CPU
		{B30C2BBE-16FB-43A1-99FD-01BC6A319666}.Debug|x86.ActiveCfg = Debug|Any CPU
		{B30C2BBE-16FB-43A1-99FD-01BC6A319666}.Debug|x86.Build.0 = Debug|Any CPU
		{B30C2BBE-16FB-43A1-99FD-01BC6A319666}.Release|Any CPU.ActiveCfg = Release|Any CPU
		{B30C2BBE-16FB-43A1-99FD-01BC6A319666}.Release|Any CPU.Build.0 = Release|Any CPU
		{B30C2BBE-16FB-43A1-99FD-01BC6A319666}.Release|x64.ActiveCfg = Release|Any CPU
		{B30C2BBE-16FB-43A1-99FD-01BC6A319666}.Release|x64.Build.0 = Release|Any CPU
		{B30C2BBE-16FB-43A1-99FD-01BC6A319666}.Release|x86.ActiveCfg = Release|Any CPU
		{B30C2BBE-16FB-43A1-99FD-01BC6A319666}.Release|x86.Build.0 = Release|Any CPU
=======
		{EAFFFCE6-BF74-4494-9D57-8D31D5AE8944}.Debug|Any CPU.ActiveCfg = Debug|Any CPU
		{EAFFFCE6-BF74-4494-9D57-8D31D5AE8944}.Debug|Any CPU.Build.0 = Debug|Any CPU
		{EAFFFCE6-BF74-4494-9D57-8D31D5AE8944}.Debug|x64.ActiveCfg = Debug|Any CPU
		{EAFFFCE6-BF74-4494-9D57-8D31D5AE8944}.Debug|x64.Build.0 = Debug|Any CPU
		{EAFFFCE6-BF74-4494-9D57-8D31D5AE8944}.Debug|x86.ActiveCfg = Debug|Any CPU
		{EAFFFCE6-BF74-4494-9D57-8D31D5AE8944}.Debug|x86.Build.0 = Debug|Any CPU
		{EAFFFCE6-BF74-4494-9D57-8D31D5AE8944}.Release|Any CPU.ActiveCfg = Release|Any CPU
		{EAFFFCE6-BF74-4494-9D57-8D31D5AE8944}.Release|Any CPU.Build.0 = Release|Any CPU
		{EAFFFCE6-BF74-4494-9D57-8D31D5AE8944}.Release|x64.ActiveCfg = Release|Any CPU
		{EAFFFCE6-BF74-4494-9D57-8D31D5AE8944}.Release|x64.Build.0 = Release|Any CPU
		{EAFFFCE6-BF74-4494-9D57-8D31D5AE8944}.Release|x86.ActiveCfg = Release|Any CPU
		{EAFFFCE6-BF74-4494-9D57-8D31D5AE8944}.Release|x86.Build.0 = Release|Any CPU
		{705ABCF7-8ED8-4886-B1DE-516036A6ED68}.Debug|Any CPU.ActiveCfg = Debug|Any CPU
		{705ABCF7-8ED8-4886-B1DE-516036A6ED68}.Debug|Any CPU.Build.0 = Debug|Any CPU
		{705ABCF7-8ED8-4886-B1DE-516036A6ED68}.Debug|x64.ActiveCfg = Debug|Any CPU
		{705ABCF7-8ED8-4886-B1DE-516036A6ED68}.Debug|x64.Build.0 = Debug|Any CPU
		{705ABCF7-8ED8-4886-B1DE-516036A6ED68}.Debug|x86.ActiveCfg = Debug|Any CPU
		{705ABCF7-8ED8-4886-B1DE-516036A6ED68}.Debug|x86.Build.0 = Debug|Any CPU
		{705ABCF7-8ED8-4886-B1DE-516036A6ED68}.Release|Any CPU.ActiveCfg = Release|Any CPU
		{705ABCF7-8ED8-4886-B1DE-516036A6ED68}.Release|Any CPU.Build.0 = Release|Any CPU
		{705ABCF7-8ED8-4886-B1DE-516036A6ED68}.Release|x64.ActiveCfg = Release|Any CPU
		{705ABCF7-8ED8-4886-B1DE-516036A6ED68}.Release|x64.Build.0 = Release|Any CPU
		{705ABCF7-8ED8-4886-B1DE-516036A6ED68}.Release|x86.ActiveCfg = Release|Any CPU
		{705ABCF7-8ED8-4886-B1DE-516036A6ED68}.Release|x86.Build.0 = Release|Any CPU
		{A5EEC1E9-9828-4196-8547-72B44D9A809B}.Debug|Any CPU.ActiveCfg = Debug|Any CPU
		{A5EEC1E9-9828-4196-8547-72B44D9A809B}.Debug|Any CPU.Build.0 = Debug|Any CPU
		{A5EEC1E9-9828-4196-8547-72B44D9A809B}.Debug|x64.ActiveCfg = Debug|Any CPU
		{A5EEC1E9-9828-4196-8547-72B44D9A809B}.Debug|x64.Build.0 = Debug|Any CPU
		{A5EEC1E9-9828-4196-8547-72B44D9A809B}.Debug|x86.ActiveCfg = Debug|Any CPU
		{A5EEC1E9-9828-4196-8547-72B44D9A809B}.Debug|x86.Build.0 = Debug|Any CPU
		{A5EEC1E9-9828-4196-8547-72B44D9A809B}.Release|Any CPU.ActiveCfg = Release|Any CPU
		{A5EEC1E9-9828-4196-8547-72B44D9A809B}.Release|Any CPU.Build.0 = Release|Any CPU
		{A5EEC1E9-9828-4196-8547-72B44D9A809B}.Release|x64.ActiveCfg = Release|Any CPU
		{A5EEC1E9-9828-4196-8547-72B44D9A809B}.Release|x64.Build.0 = Release|Any CPU
		{A5EEC1E9-9828-4196-8547-72B44D9A809B}.Release|x86.ActiveCfg = Release|Any CPU
		{A5EEC1E9-9828-4196-8547-72B44D9A809B}.Release|x86.Build.0 = Release|Any CPU
		{84893EF9-F624-4BB1-9C38-3D6C6AF3400E}.Debug|Any CPU.ActiveCfg = Debug|Any CPU
		{84893EF9-F624-4BB1-9C38-3D6C6AF3400E}.Debug|Any CPU.Build.0 = Debug|Any CPU
		{84893EF9-F624-4BB1-9C38-3D6C6AF3400E}.Debug|x64.ActiveCfg = Debug|Any CPU
		{84893EF9-F624-4BB1-9C38-3D6C6AF3400E}.Debug|x64.Build.0 = Debug|Any CPU
		{84893EF9-F624-4BB1-9C38-3D6C6AF3400E}.Debug|x86.ActiveCfg = Debug|Any CPU
		{84893EF9-F624-4BB1-9C38-3D6C6AF3400E}.Debug|x86.Build.0 = Debug|Any CPU
		{84893EF9-F624-4BB1-9C38-3D6C6AF3400E}.Release|Any CPU.ActiveCfg = Release|Any CPU
		{84893EF9-F624-4BB1-9C38-3D6C6AF3400E}.Release|Any CPU.Build.0 = Release|Any CPU
		{84893EF9-F624-4BB1-9C38-3D6C6AF3400E}.Release|x64.ActiveCfg = Release|Any CPU
		{84893EF9-F624-4BB1-9C38-3D6C6AF3400E}.Release|x64.Build.0 = Release|Any CPU
		{84893EF9-F624-4BB1-9C38-3D6C6AF3400E}.Release|x86.ActiveCfg = Release|Any CPU
		{84893EF9-F624-4BB1-9C38-3D6C6AF3400E}.Release|x86.Build.0 = Release|Any CPU
		{9001BEC5-B2C9-40FC-8DCE-B9DC1E7458FB}.Debug|Any CPU.ActiveCfg = Debug|Any CPU
		{9001BEC5-B2C9-40FC-8DCE-B9DC1E7458FB}.Debug|Any CPU.Build.0 = Debug|Any CPU
		{9001BEC5-B2C9-40FC-8DCE-B9DC1E7458FB}.Debug|x64.ActiveCfg = Debug|Any CPU
		{9001BEC5-B2C9-40FC-8DCE-B9DC1E7458FB}.Debug|x64.Build.0 = Debug|Any CPU
		{9001BEC5-B2C9-40FC-8DCE-B9DC1E7458FB}.Debug|x86.ActiveCfg = Debug|Any CPU
		{9001BEC5-B2C9-40FC-8DCE-B9DC1E7458FB}.Debug|x86.Build.0 = Debug|Any CPU
		{9001BEC5-B2C9-40FC-8DCE-B9DC1E7458FB}.Release|Any CPU.ActiveCfg = Release|Any CPU
		{9001BEC5-B2C9-40FC-8DCE-B9DC1E7458FB}.Release|Any CPU.Build.0 = Release|Any CPU
		{9001BEC5-B2C9-40FC-8DCE-B9DC1E7458FB}.Release|x64.ActiveCfg = Release|Any CPU
		{9001BEC5-B2C9-40FC-8DCE-B9DC1E7458FB}.Release|x64.Build.0 = Release|Any CPU
		{9001BEC5-B2C9-40FC-8DCE-B9DC1E7458FB}.Release|x86.ActiveCfg = Release|Any CPU
		{9001BEC5-B2C9-40FC-8DCE-B9DC1E7458FB}.Release|x86.Build.0 = Release|Any CPU
		{8F798E84-71AC-46CF-94E4-7F2E82DDCD62}.Debug|Any CPU.ActiveCfg = Debug|Any CPU
		{8F798E84-71AC-46CF-94E4-7F2E82DDCD62}.Debug|Any CPU.Build.0 = Debug|Any CPU
		{8F798E84-71AC-46CF-94E4-7F2E82DDCD62}.Debug|x64.ActiveCfg = Debug|Any CPU
		{8F798E84-71AC-46CF-94E4-7F2E82DDCD62}.Debug|x64.Build.0 = Debug|Any CPU
		{8F798E84-71AC-46CF-94E4-7F2E82DDCD62}.Debug|x86.ActiveCfg = Debug|Any CPU
		{8F798E84-71AC-46CF-94E4-7F2E82DDCD62}.Debug|x86.Build.0 = Debug|Any CPU
		{8F798E84-71AC-46CF-94E4-7F2E82DDCD62}.Release|Any CPU.ActiveCfg = Release|Any CPU
		{8F798E84-71AC-46CF-94E4-7F2E82DDCD62}.Release|Any CPU.Build.0 = Release|Any CPU
		{8F798E84-71AC-46CF-94E4-7F2E82DDCD62}.Release|x64.ActiveCfg = Release|Any CPU
		{8F798E84-71AC-46CF-94E4-7F2E82DDCD62}.Release|x64.Build.0 = Release|Any CPU
		{8F798E84-71AC-46CF-94E4-7F2E82DDCD62}.Release|x86.ActiveCfg = Release|Any CPU
		{8F798E84-71AC-46CF-94E4-7F2E82DDCD62}.Release|x86.Build.0 = Release|Any CPU
		{B0617138-6DD6-4063-A3D9-19DD00474DFA}.Debug|Any CPU.ActiveCfg = Debug|Any CPU
		{B0617138-6DD6-4063-A3D9-19DD00474DFA}.Debug|Any CPU.Build.0 = Debug|Any CPU
		{B0617138-6DD6-4063-A3D9-19DD00474DFA}.Debug|x64.ActiveCfg = Debug|Any CPU
		{B0617138-6DD6-4063-A3D9-19DD00474DFA}.Debug|x64.Build.0 = Debug|Any CPU
		{B0617138-6DD6-4063-A3D9-19DD00474DFA}.Debug|x86.ActiveCfg = Debug|Any CPU
		{B0617138-6DD6-4063-A3D9-19DD00474DFA}.Debug|x86.Build.0 = Debug|Any CPU
		{B0617138-6DD6-4063-A3D9-19DD00474DFA}.Release|Any CPU.ActiveCfg = Release|Any CPU
		{B0617138-6DD6-4063-A3D9-19DD00474DFA}.Release|Any CPU.Build.0 = Release|Any CPU
		{B0617138-6DD6-4063-A3D9-19DD00474DFA}.Release|x64.ActiveCfg = Release|Any CPU
		{B0617138-6DD6-4063-A3D9-19DD00474DFA}.Release|x64.Build.0 = Release|Any CPU
		{B0617138-6DD6-4063-A3D9-19DD00474DFA}.Release|x86.ActiveCfg = Release|Any CPU
		{B0617138-6DD6-4063-A3D9-19DD00474DFA}.Release|x86.Build.0 = Release|Any CPU
		{8FE47800-2D2C-40B8-8AE0-B70DB6896F64}.Debug|Any CPU.ActiveCfg = Debug|Any CPU
		{8FE47800-2D2C-40B8-8AE0-B70DB6896F64}.Debug|Any CPU.Build.0 = Debug|Any CPU
		{8FE47800-2D2C-40B8-8AE0-B70DB6896F64}.Debug|x64.ActiveCfg = Debug|Any CPU
		{8FE47800-2D2C-40B8-8AE0-B70DB6896F64}.Debug|x64.Build.0 = Debug|Any CPU
		{8FE47800-2D2C-40B8-8AE0-B70DB6896F64}.Debug|x86.ActiveCfg = Debug|Any CPU
		{8FE47800-2D2C-40B8-8AE0-B70DB6896F64}.Debug|x86.Build.0 = Debug|Any CPU
		{8FE47800-2D2C-40B8-8AE0-B70DB6896F64}.Release|Any CPU.ActiveCfg = Release|Any CPU
		{8FE47800-2D2C-40B8-8AE0-B70DB6896F64}.Release|Any CPU.Build.0 = Release|Any CPU
		{8FE47800-2D2C-40B8-8AE0-B70DB6896F64}.Release|x64.ActiveCfg = Release|Any CPU
		{8FE47800-2D2C-40B8-8AE0-B70DB6896F64}.Release|x64.Build.0 = Release|Any CPU
		{8FE47800-2D2C-40B8-8AE0-B70DB6896F64}.Release|x86.ActiveCfg = Release|Any CPU
		{8FE47800-2D2C-40B8-8AE0-B70DB6896F64}.Release|x86.Build.0 = Release|Any CPU
		{F14C122F-A416-4E6F-8377-954BB03C3A20}.Debug|Any CPU.ActiveCfg = Debug|Any CPU
		{F14C122F-A416-4E6F-8377-954BB03C3A20}.Debug|Any CPU.Build.0 = Debug|Any CPU
		{F14C122F-A416-4E6F-8377-954BB03C3A20}.Debug|x64.ActiveCfg = Debug|Any CPU
		{F14C122F-A416-4E6F-8377-954BB03C3A20}.Debug|x64.Build.0 = Debug|Any CPU
		{F14C122F-A416-4E6F-8377-954BB03C3A20}.Debug|x86.ActiveCfg = Debug|Any CPU
		{F14C122F-A416-4E6F-8377-954BB03C3A20}.Debug|x86.Build.0 = Debug|Any CPU
		{F14C122F-A416-4E6F-8377-954BB03C3A20}.Release|Any CPU.ActiveCfg = Release|Any CPU
		{F14C122F-A416-4E6F-8377-954BB03C3A20}.Release|Any CPU.Build.0 = Release|Any CPU
		{F14C122F-A416-4E6F-8377-954BB03C3A20}.Release|x64.ActiveCfg = Release|Any CPU
		{F14C122F-A416-4E6F-8377-954BB03C3A20}.Release|x64.Build.0 = Release|Any CPU
		{F14C122F-A416-4E6F-8377-954BB03C3A20}.Release|x86.ActiveCfg = Release|Any CPU
		{F14C122F-A416-4E6F-8377-954BB03C3A20}.Release|x86.Build.0 = Release|Any CPU
>>>>>>> 2e21ea162011e45977563e194d64e4e0679d8483
	EndGlobalSection
	GlobalSection(SolutionProperties) = preSolution
		HideSolutionNode = FALSE
	EndGlobalSection
	GlobalSection(NestedProjects) = preSolution
<<<<<<< HEAD
		{47DE7ACA-C3E6-465F-B2FB-A2198688680D} = {827E0CD3-B72D-47B6-A68D-7590B98EB39B}
		{13B0ABE4-D06E-4798-8022-5EC495589510} = {827E0CD3-B72D-47B6-A68D-7590B98EB39B}
		{BFE41E7C-27F2-4EDA-9A09-AD2B381F9241} = {827E0CD3-B72D-47B6-A68D-7590B98EB39B}
		{04053A6B-E7A7-4EE6-9F61-944C0708FFE4} = {827E0CD3-B72D-47B6-A68D-7590B98EB39B}
		{B30C2BBE-16FB-43A1-99FD-01BC6A319666} = {0AB3BF05-4346-4AA6-1389-037BE0695223}
=======
		{EAFFFCE6-BF74-4494-9D57-8D31D5AE8944} = {827E0CD3-B72D-47B6-A68D-7590B98EB39B}
		{705ABCF7-8ED8-4886-B1DE-516036A6ED68} = {827E0CD3-B72D-47B6-A68D-7590B98EB39B}
		{A5EEC1E9-9828-4196-8547-72B44D9A809B} = {827E0CD3-B72D-47B6-A68D-7590B98EB39B}
		{84893EF9-F624-4BB1-9C38-3D6C6AF3400E} = {827E0CD3-B72D-47B6-A68D-7590B98EB39B}
		{9001BEC5-B2C9-40FC-8DCE-B9DC1E7458FB} = {827E0CD3-B72D-47B6-A68D-7590B98EB39B}
		{8F798E84-71AC-46CF-94E4-7F2E82DDCD62} = {827E0CD3-B72D-47B6-A68D-7590B98EB39B}
		{B0617138-6DD6-4063-A3D9-19DD00474DFA} = {827E0CD3-B72D-47B6-A68D-7590B98EB39B}
		{8FE47800-2D2C-40B8-8AE0-B70DB6896F64} = {827E0CD3-B72D-47B6-A68D-7590B98EB39B}
		{F14C122F-A416-4E6F-8377-954BB03C3A20} = {827E0CD3-B72D-47B6-A68D-7590B98EB39B}
>>>>>>> 2e21ea162011e45977563e194d64e4e0679d8483
	EndGlobalSection
EndGlobal
